{
    "_meta": {
        "hash": {
            "sha256": "2976a943b6712285077498d94f3f3171bad90d7b420c84263fba5151e408c586"
        },
        "pipfile-spec": 6,
        "requires": {
            "python_version": "3.9"
        },
        "sources": [
            {
                "name": "pypi",
                "url": "https://pypi.org/simple",
                "verify_ssl": true
            }
        ]
    },
    "default": {
        "asgiref": {
            "hashes": [
                "sha256:5ee950735509d04eb673bd7f7120f8fa1c9e2df495394992c73234d526907e17",
                "sha256:7162a3cb30ab0609f1a4c95938fd73e8604f63bdba516a7f7d64b83ff09478f0"
            ],
            "markers": "python_version >= '3.5'",
            "version": "==3.3.1"
        },
        "cassandra-driver": {
            "hashes": [
                "sha256:110a89f41b3a7cfe92aef67119464a6af9a86c14fa018ff0bb3b152942331f7c",
                "sha256:1e793f4545b53353c3df5daafb44ce2b4479aad1aebb0dd4989490283716aff7",
                "sha256:2ccbfdbf168fbb5e0055f2161790de12c280840881cb3fb7893848af1e4d9c07",
                "sha256:3d1287cfa1ebf439646d31808b19d784884d8f717fce2e7728130e9ab8ff9ccd",
                "sha256:4e228e3951150e7905fe1363e2dbe61940d8a34df208764452044934d8ce061f",
                "sha256:51d43208dec31f59a4c038b105cc43c9ebb86a9172970079556918208472e77c",
                "sha256:590ca23f6ca6996ea454d7531d74ea526c90c6734842f62cd190a7d24c8a1bff",
                "sha256:59e06084ce3079b1bc69e3de3e22a07a722d984f8b51fc0a98e98112bfbba9b8",
                "sha256:64b1386a18940e70462fe564e1e056891ded8c4a812d9dc8ad21a500f959de1d",
                "sha256:7526443f02b85652a8654be466730fab8052883103536cc94085c8593b7162a9",
                "sha256:8024490895f48f78be06bad5ebec1b2d6adb658f5e3d5f67d9b4c8669cf391f2",
                "sha256:81a1355b2edd08f81ef1577c9fc51812e12d309f9b0a7ebeddecceb0dc2d0b86",
                "sha256:83ec8d9a5827ee44bb1c0601a63696a8a9086beaf0151c8255556299246081bd",
                "sha256:970900e1d181f99ac6560ada02969c04d24d21bce1419c7daaf154d5c892ab3f",
                "sha256:97f7668636a48282d0e65eeb914d04fd1280c2304de004bed1ea4de5c9c42212",
                "sha256:a4a56292ab4bed0bedaf5d3e88aa6c38bc130ef65bed12774a2ab62d01087f3e",
                "sha256:a74ee7e047f73ddbab10546d6c6733836096611b88c8b416c9969895f88c512b",
                "sha256:b48a710eadf6e1ea33489522fdd1fd9f2e23bb4408ee9139205f3f8072ab4e78",
                "sha256:c76ff976df5975d4444c330d52ea17324e7f33e35a6366b8a8286e5102bacdd8",
                "sha256:cf132f0d170ec1afc90780349275e7932f64d603492652f29fd9a4082d5f2ae6",
                "sha256:d1d302abc500a3ddfc1922f9914c843d4c57c87f5480f0b226e8f2806a2281ab",
                "sha256:def8803132d5ec801333ebaa46edd8c0f28e56fefdb41acf0a1fad9e1c72bfcd",
                "sha256:e7d641dca1fdbf239bc3edbeb6bae63eb50382eee50567334dd62aecdd7cf4b4",
                "sha256:ea1ffe18b40f7323cc57270fc8e4c680c0af39b1d2108b0aa624895d435808e6",
                "sha256:f0f95cdbaba88d57a0529eb67b83536279a0ec02f1b51bc27a73c1eb3aaabe07",
                "sha256:f90699c8f1aa4eb58bf84be0fbff859ba094799b662592d1c20237c7cade702e"
            ],
            "index": "pypi",
            "version": "==3.24.0"
        },
        "click": {
            "hashes": [
                "sha256:d2b5255c7c6349bc1bd1e59e08cd12acbbd63ce649f2588755783aa94dfb6b1a",
                "sha256:dacca89f4bfadd5de3d7489b7c8a566eee0d3676333fbb50030263894c38c0dc"
            ],
            "markers": "python_version >= '2.7' and python_version not in '3.0, 3.1, 3.2, 3.3, 3.4'",
            "version": "==7.1.2"
        },
        "django": {
            "hashes": [
                "sha256:32ce792ee9b6a0cbbec340123e229ac9f765dff8c2a4ae9247a14b2ba3a365a7",
                "sha256:baf099db36ad31f970775d0be5587cc58a6256a6771a44eb795b554d45f211b8"
            ],
            "index": "pypi",
            "version": "==3.1.7"
        },
        "django-cassandra-engine": {
            "hashes": [
                "sha256:4a23125137617ff44609c9665be0ce21f8ae9d9b014c34479721a03209bdb2d7",
                "sha256:b747df3a5bcfb7fe9fba0c4d5335cd4a806f1f956112ea012737d1163c9eda4c"
            ],
            "index": "pypi",
            "version": "==1.6.1"
        },
        "django-crispy-forms": {
            "hashes": [
                "sha256:2ea206f35a9554597b89315ea52737d32d2fd9f5304e79a469a08887aa0824b0",
                "sha256:5c600dea66e2f435f774fe2c4cacfb5b5eb9914dd6da0728edd174b95f6956fd"
            ],
            "index": "pypi",
            "version": "==1.11.1"
        },
        "djangorestframework": {
            "hashes": [
                "sha256:0209bafcb7b5010fdfec784034f059d512256424de2a0f084cb82b096d6dd6a7",
                "sha256:0898182b4737a7b584a2c73735d89816343369f259fea932d90dc78e35d8ac33"
            ],
            "index": "pypi",
            "version": "==3.12.2"
        },
        "geomet": {
            "hashes": [
                "sha256:87ae0fc42e532b9e98969c0bbf895a5e0b2bb4f6f775cf51a74e6482f1f35c2b",
                "sha256:91d754f7c298cbfcabd3befdb69c641c27fe75e808b27aa55028605761d17e95",
                "sha256:a41a1e336b381416d6cbed7f1745c848e91defaa4d4c1bdc1312732e46ffad2b"
            ],
            "markers": "python_version >= '2.7' and python_version != '3.3' and python_version < '4'",
            "version": "==0.2.1.post1"
        },
        "gunicorn": {
            "hashes": [
                "sha256:1904bb2b8a43658807108d59c3f3d56c2b6121a701161de0ddf9ad140073c626",
                "sha256:cd4a810dd51bf497552cf3f863b575dabd73d6ad6a91075b65936b151cbf4f9c"
            ],
            "index": "pypi",
            "version": "==20.0.4"
        },
        "pillow": {
            "hashes": [
                "sha256:15306d71a1e96d7e271fd2a0737038b5a92ca2978d2e38b6ced7966583e3d5af",
                "sha256:1940fc4d361f9cc7e558d6f56ff38d7351b53052fd7911f4b60cd7bc091ea3b1",
                "sha256:1f93f2fe211f1ef75e6f589327f4d4f8545d5c8e826231b042b483d8383e8a7c",
                "sha256:30d33a1a6400132e6f521640dd3f64578ac9bfb79a619416d7e8802b4ce1dd55",
                "sha256:328240f7dddf77783e72d5ed79899a6b48bc6681f8d1f6001f55933cb4905060",
                "sha256:46c2bcf8e1e75d154e78417b3e3c64e96def738c2a25435e74909e127a8cba5e",
                "sha256:5762ebb4436f46b566fc6351d67a9b5386b5e5de4e58fdaa18a1c83e0e20f1a8",
                "sha256:5a2d957eb4aba9d48170b8fe6538ec1fbc2119ffe6373782c03d8acad3323f2e",
                "sha256:5cf03b9534aca63b192856aa601c68d0764810857786ea5da652581f3a44c2b0",
                "sha256:5daba2b40782c1c5157a788ec4454067c6616f5a0c1b70e26ac326a880c2d328",
                "sha256:63cd413ac52ee3f67057223d363f4f82ce966e64906aea046daf46695e3c8238",
                "sha256:6efac40344d8f668b6c4533ae02a48d52fd852ef0654cc6f19f6ac146399c733",
                "sha256:71b01ee69e7df527439d7752a2ce8fb89e19a32df484a308eca3e81f673d3a03",
                "sha256:71f31ee4df3d5e0b366dd362007740106d3210fb6a56ec4b581a5324ba254f06",
                "sha256:72027ebf682abc9bafd93b43edc44279f641e8996fb2945104471419113cfc71",
                "sha256:74cd9aa648ed6dd25e572453eb09b08817a1e3d9f8d1bd4d8403d99e42ea790b",
                "sha256:81b3716cc9744ffdf76b39afb6247eae754186838cedad0b0ac63b2571253fe6",
                "sha256:8565355a29655b28fdc2c666fd9a3890fe5edc6639d128814fafecfae2d70910",
                "sha256:87f42c976f91ca2fc21a3293e25bd3cd895918597db1b95b93cbd949f7d019ce",
                "sha256:89e4c757a91b8c55d97c91fa09c69b3677c227b942fa749e9a66eef602f59c28",
                "sha256:8c4e32218c764bc27fe49b7328195579581aa419920edcc321c4cb877c65258d",
                "sha256:903293320efe2466c1ab3509a33d6b866dc850cfd0c5d9cc92632014cec185fb",
                "sha256:90882c6f084ef68b71bba190209a734bf90abb82ab5e8f64444c71d5974008c6",
                "sha256:98afcac3205d31ab6a10c5006b0cf040d0026a68ec051edd3517b776c1d78b09",
                "sha256:a01da2c266d9868c4f91a9c6faf47a251f23b9a862dce81d2ff583135206f5be",
                "sha256:aeab4cd016e11e7aa5cfc49dcff8e51561fa64818a0be86efa82c7038e9369d0",
                "sha256:b07c660e014852d98a00a91adfbe25033898a9d90a8f39beb2437d22a203fc44",
                "sha256:bead24c0ae3f1f6afcb915a057943ccf65fc755d11a1410a909c1fefb6c06ad1",
                "sha256:d1d6bca39bb6dd94fba23cdb3eeaea5e30c7717c5343004d900e2a63b132c341",
                "sha256:e2cd8ac157c1e5ae88b6dd790648ee5d2777e76f1e5c7d184eaddb2938594f34",
                "sha256:e5739ae63636a52b706a0facec77b2b58e485637e1638202556156e424a02dc2",
                "sha256:f36c3ff63d6fc509ce599a2f5b0d0732189eed653420e7294c039d342c6e204a",
                "sha256:f91b50ad88048d795c0ad004abbe1390aa1882073b1dca10bfd55d0b8cf18ec5"
            ],
            "index": "pypi",
            "version": "==8.1.2"
        },
        "pytz": {
            "hashes": [
                "sha256:83a4a90894bf38e243cf052c8b58f381bfe9a7a483f6a9cab140bc7f702ac4da",
                "sha256:eb10ce3e7736052ed3623d49975ce333bcd712c7bb19a58b9e2089d4057d0798"
            ],
            "version": "==2021.1"
        },
        "six": {
            "hashes": [
                "sha256:30639c035cdb23534cd4aa2dd52c3bf48f06e5f4a941509c8bafd8ce11080259",
                "sha256:8b74bedcbbbaca38ff6d7491d76f2b06b3592611af620f8426e82dddb04a5ced"
            ],
            "markers": "python_version >= '2.7' and python_version not in '3.0, 3.1, 3.2, 3.3'",
            "version": "==1.15.0"
        },
        "sqlparse": {
            "hashes": [
                "sha256:017cde379adbd6a1f15a61873f43e8274179378e95ef3fede90b5aa64d304ed0",
                "sha256:0f91fd2e829c44362cbcfab3e9ae12e22badaa8a29ad5ff599f9ec109f0454e8"
            ],
            "markers": "python_version >= '3.5'",
            "version": "==0.4.1"
        }
    },
    "develop": {}
}
